// !$*UTF8*$!
{
	archiveVersion = 1;
	classes = {
	};
	objectVersion = 55;
	objects = {

/* Begin PBXBuildFile section */
		D7A92DB42851F335005637CE /* AppDelegate.swift in Sources */ = {isa = PBXBuildFile; fileRef = D7A92DB32851F335005637CE /* AppDelegate.swift */; };
		D7A92DB62851F335005637CE /* ContentView.swift in Sources */ = {isa = PBXBuildFile; fileRef = D7A92DB52851F335005637CE /* ContentView.swift */; };
		D7A92DB82851F335005637CE /* Experience.rcproject in Sources */ = {isa = PBXBuildFile; fileRef = D7A92DB72851F335005637CE /* Experience.rcproject */; };
		D7A92DBA2851F337005637CE /* Assets.xcassets in Resources */ = {isa = PBXBuildFile; fileRef = D7A92DB92851F337005637CE /* Assets.xcassets */; };
		D7A92DBD2851F337005637CE /* Preview Assets.xcassets in Resources */ = {isa = PBXBuildFile; fileRef = D7A92DBC2851F337005637CE /* Preview Assets.xcassets */; };
		D7A92DC52851F352005637CE /* FocusEntity in Frameworks */ = {isa = PBXBuildFile; productRef = D7A92DC42851F352005637CE /* FocusEntity */; };
		D7A92DC72851F389005637CE /* ContentViewCloset.swift in Sources */ = {isa = PBXBuildFile; fileRef = D7A92DC62851F389005637CE /* ContentViewCloset.swift */; };
		D7A92DC92851F39A005637CE /* ContentViewHome.swift in Sources */ = {isa = PBXBuildFile; fileRef = D7A92DC82851F39A005637CE /* ContentViewHome.swift */; };
		D7A92DCB2851F3C1005637CE /* ControlView.swift in Sources */ = {isa = PBXBuildFile; fileRef = D7A92DCA2851F3C1005637CE /* ControlView.swift */; };
		D7A92DCD2851F3D7005637CE /* ContentViewtryon.swift in Sources */ = {isa = PBXBuildFile; fileRef = D7A92DCC2851F3D7005637CE /* ContentViewtryon.swift */; };
		D7A92DCF2851F3E4005637CE /* DeletionView.swift in Sources */ = {isa = PBXBuildFile; fileRef = D7A92DCE2851F3E4005637CE /* DeletionView.swift */; };
		D7A92DD12851F3F1005637CE /* ModelDeletionManager.swift in Sources */ = {isa = PBXBuildFile; fileRef = D7A92DD02851F3F1005637CE /* ModelDeletionManager.swift */; };
		D7A92DD52851F40E005637CE /* PlacementSettings.swift in Sources */ = {isa = PBXBuildFile; fileRef = D7A92DD42851F40E005637CE /* PlacementSettings.swift */; };
		D7A92DD72851F419005637CE /* Model.swift in Sources */ = {isa = PBXBuildFile; fileRef = D7A92DD62851F419005637CE /* Model.swift */; };
		D7A92DD92851F426005637CE /* PlacementView.swift in Sources */ = {isa = PBXBuildFile; fileRef = D7A92DD82851F426005637CE /* PlacementView.swift */; };
		D7A92DDB2851F435005637CE /* TryOnARView.swift in Sources */ = {isa = PBXBuildFile; fileRef = D7A92DDA2851F435005637CE /* TryOnARView.swift */; };
		D7A92DDD2851F442005637CE /* BrowseView.swift in Sources */ = {isa = PBXBuildFile; fileRef = D7A92DDC2851F442005637CE /* BrowseView.swift */; };
		D7A92DDF2851F456005637CE /* View+Extensions.swift in Sources */ = {isa = PBXBuildFile; fileRef = D7A92DDE2851F456005637CE /* View+Extensions.swift */; };
		D7A92DE12851F466005637CE /* VirtualClosetApp.swift in Sources */ = {isa = PBXBuildFile; fileRef = D7A92DE02851F466005637CE /* VirtualClosetApp.swift */; };
		D7A92DF42851F633005637CE /* Summer_Pants.usdz in Resources */ = {isa = PBXBuildFile; fileRef = D7A92DE92851F632005637CE /* Summer_Pants.usdz */; };
		D7A92DF52851F633005637CE /* Winter_Pants.usdz in Resources */ = {isa = PBXBuildFile; fileRef = D7A92DEA2851F632005637CE /* Winter_Pants.usdz */; };
		D7A92DF62851F633005637CE /* 3Ddata.usdz in Resources */ = {isa = PBXBuildFile; fileRef = D7A92DEB2851F632005637CE /* 3Ddata.usdz */; };
		D7A92DF72851F633005637CE /* Summer_Shirt.usdz in Resources */ = {isa = PBXBuildFile; fileRef = D7A92DEC2851F632005637CE /* Summer_Shirt.usdz */; };
		D7A92DF82851F633005637CE /* Untitled_Scan.usdz in Resources */ = {isa = PBXBuildFile; fileRef = D7A92DED2851F633005637CE /* Untitled_Scan.usdz */; };
		D7A92DF92851F633005637CE /* Winter_Shirt.usdz in Resources */ = {isa = PBXBuildFile; fileRef = D7A92DEE2851F633005637CE /* Winter_Shirt.usdz */; };
		D7A92DFA2851F633005637CE /* Spring_Pants.usdz in Resources */ = {isa = PBXBuildFile; fileRef = D7A92DEF2851F633005637CE /* Spring_Pants.usdz */; };
		D7A92DFB2851F633005637CE /* Autumn_Pants.usdz in Resources */ = {isa = PBXBuildFile; fileRef = D7A92DF02851F633005637CE /* Autumn_Pants.usdz */; };
		D7A92DFC2851F633005637CE /* Autumn_Shirt.usdz in Resources */ = {isa = PBXBuildFile; fileRef = D7A92DF12851F633005637CE /* Autumn_Shirt.usdz */; };
		D7A92DFD2851F633005637CE /* Kimono.usdz in Resources */ = {isa = PBXBuildFile; fileRef = D7A92DF22851F633005637CE /* Kimono.usdz */; };
		D7A92DFE2851F633005637CE /* Spring_Shirt.usdz in Resources */ = {isa = PBXBuildFile; fileRef = D7A92DF32851F633005637CE /* Spring_Shirt.usdz */; };
		D7A92E002851F796005637CE /* ContentViewhelp.swift in Sources */ = {isa = PBXBuildFile; fileRef = D7A92DFF2851F796005637CE /* ContentViewhelp.swift */; };
/* End PBXBuildFile section */

/* Begin PBXFileReference section */
		D7A92DB02851F335005637CE /* VirtualCloset.app */ = {isa = PBXFileReference; explicitFileType = wrapper.application; includeInIndex = 0; path = VirtualCloset.app; sourceTree = BUILT_PRODUCTS_DIR; };
		D7A92DB32851F335005637CE /* AppDelegate.swift */ = {isa = PBXFileReference; lastKnownFileType = sourcecode.swift; path = AppDelegate.swift; sourceTree = "<group>"; };
		D7A92DB52851F335005637CE /* ContentView.swift */ = {isa = PBXFileReference; lastKnownFileType = sourcecode.swift; path = ContentView.swift; sourceTree = "<group>"; };
		D7A92DB72851F335005637CE /* Experience.rcproject */ = {isa = PBXFileReference; lastKnownFileType = file.rcproject; path = Experience.rcproject; sourceTree = "<group>"; };
		D7A92DB92851F337005637CE /* Assets.xcassets */ = {isa = PBXFileReference; lastKnownFileType = folder.assetcatalog; path = Assets.xcassets; sourceTree = "<group>"; };
		D7A92DBC2851F337005637CE /* Preview Assets.xcassets */ = {isa = PBXFileReference; lastKnownFileType = folder.assetcatalog; path = "Preview Assets.xcassets"; sourceTree = "<group>"; };
		D7A92DC62851F389005637CE /* ContentViewCloset.swift */ = {isa = PBXFileReference; lastKnownFileType = sourcecode.swift; path = ContentViewCloset.swift; sourceTree = "<group>"; };
		D7A92DC82851F39A005637CE /* ContentViewHome.swift */ = {isa = PBXFileReference; lastKnownFileType = sourcecode.swift; path = ContentViewHome.swift; sourceTree = "<group>"; };
		D7A92DCA2851F3C1005637CE /* ControlView.swift */ = {isa = PBXFileReference; lastKnownFileType = sourcecode.swift; path = ControlView.swift; sourceTree = "<group>"; };
		D7A92DCC2851F3D7005637CE /* ContentViewtryon.swift */ = {isa = PBXFileReference; lastKnownFileType = sourcecode.swift; path = ContentViewtryon.swift; sourceTree = "<group>"; };
		D7A92DCE2851F3E4005637CE /* DeletionView.swift */ = {isa = PBXFileReference; lastKnownFileType = sourcecode.swift; path = DeletionView.swift; sourceTree = "<group>"; };
		D7A92DD02851F3F1005637CE /* ModelDeletionManager.swift */ = {isa = PBXFileReference; lastKnownFileType = sourcecode.swift; path = ModelDeletionManager.swift; sourceTree = "<group>"; };
		D7A92DD42851F40E005637CE /* PlacementSettings.swift */ = {isa = PBXFileReference; lastKnownFileType = sourcecode.swift; path = PlacementSettings.swift; sourceTree = "<group>"; };
		D7A92DD62851F419005637CE /* Model.swift */ = {isa = PBXFileReference; lastKnownFileType = sourcecode.swift; path = Model.swift; sourceTree = "<group>"; };
		D7A92DD82851F426005637CE /* PlacementView.swift */ = {isa = PBXFileReference; lastKnownFileType = sourcecode.swift; path = PlacementView.swift; sourceTree = "<group>"; };
		D7A92DDA2851F435005637CE /* TryOnARView.swift */ = {isa = PBXFileReference; lastKnownFileType = sourcecode.swift; path = TryOnARView.swift; sourceTree = "<group>"; };
		D7A92DDC2851F442005637CE /* BrowseView.swift */ = {isa = PBXFileReference; lastKnownFileType = sourcecode.swift; path = BrowseView.swift; sourceTree = "<group>"; };
		D7A92DDE2851F456005637CE /* View+Extensions.swift */ = {isa = PBXFileReference; lastKnownFileType = sourcecode.swift; path = "View+Extensions.swift"; sourceTree = "<group>"; };
		D7A92DE02851F466005637CE /* VirtualClosetApp.swift */ = {isa = PBXFileReference; lastKnownFileType = sourcecode.swift; path = VirtualClosetApp.swift; sourceTree = "<group>"; };
		D7A92DE92851F632005637CE /* Summer_Pants.usdz */ = {isa = PBXFileReference; lastKnownFileType = file.usdz; path = Summer_Pants.usdz; sourceTree = "<group>"; };
		D7A92DEA2851F632005637CE /* Winter_Pants.usdz */ = {isa = PBXFileReference; lastKnownFileType = file.usdz; path = Winter_Pants.usdz; sourceTree = "<group>"; };
		D7A92DEB2851F632005637CE /* 3Ddata.usdz */ = {isa = PBXFileReference; lastKnownFileType = file.usdz; name = 3Ddata.usdz; path = ../../../../../../../../Downloads/clothes/3Ddata.usdz; sourceTree = "<group>"; };
		D7A92DEC2851F632005637CE /* Summer_Shirt.usdz */ = {isa = PBXFileReference; lastKnownFileType = file.usdz; path = Summer_Shirt.usdz; sourceTree = "<group>"; };
		D7A92DED2851F633005637CE /* Untitled_Scan.usdz */ = {isa = PBXFileReference; lastKnownFileType = file.usdz; name = Untitled_Scan.usdz; path = ../../../../../../../../Downloads/clothes/Untitled_Scan.usdz; sourceTree = "<group>"; };
		D7A92DEE2851F633005637CE /* Winter_Shirt.usdz */ = {isa = PBXFileReference; lastKnownFileType = file.usdz; path = Winter_Shirt.usdz; sourceTree = "<group>"; };
		D7A92DEF2851F633005637CE /* Spring_Pants.usdz */ = {isa = PBXFileReference; lastKnownFileType = file.usdz; path = Spring_Pants.usdz; sourceTree = "<group>"; };
		D7A92DF02851F633005637CE /* Autumn_Pants.usdz */ = {isa = PBXFileReference; lastKnownFileType = file.usdz; path = Autumn_Pants.usdz; sourceTree = "<group>"; };
		D7A92DF12851F633005637CE /* Autumn_Shirt.usdz */ = {isa = PBXFileReference; lastKnownFileType = file.usdz; path = Autumn_Shirt.usdz; sourceTree = "<group>"; };
		D7A92DF22851F633005637CE /* Kimono.usdz */ = {isa = PBXFileReference; lastKnownFileType = file.usdz; name = Kimono.usdz; path = ../../../../../../../../Downloads/clothes/Kimono.usdz; sourceTree = "<group>"; };
		D7A92DF32851F633005637CE /* Spring_Shirt.usdz */ = {isa = PBXFileReference; lastKnownFileType = file.usdz; path = Spring_Shirt.usdz; sourceTree = "<group>"; };
		D7A92DFF2851F796005637CE /* ContentViewhelp.swift */ = {isa = PBXFileReference; lastKnownFileType = sourcecode.swift; path = ContentViewhelp.swift; sourceTree = "<group>"; };
/* End PBXFileReference section */

/* Begin PBXFrameworksBuildPhase section */
		D7A92DAD2851F335005637CE /* Frameworks */ = {
			isa = PBXFrameworksBuildPhase;
			buildActionMask = 2147483647;
			files = (
				D7A92DC52851F352005637CE /* FocusEntity in Frameworks */,
			);
			runOnlyForDeploymentPostprocessing = 0;
		};
/* End PBXFrameworksBuildPhase section */

/* Begin PBXGroup section */
		D7A92DA72851F334005637CE = {
			isa = PBXGroup;
			children = (
				D7A92DB22851F335005637CE /* VirtualCloset */,
				D7A92DB12851F335005637CE /* Products */,
			);
			sourceTree = "<group>";
		};
		D7A92DB12851F335005637CE /* Products */ = {
			isa = PBXGroup;
			children = (
				D7A92DB02851F335005637CE /* VirtualCloset.app */,
			);
			name = Products;
			sourceTree = "<group>";
		};
		D7A92DB22851F335005637CE /* VirtualCloset */ = {
			isa = PBXGroup;
			children = (
				D7A92DB32851F335005637CE /* AppDelegate.swift */,
				D7A92DC62851F389005637CE /* ContentViewCloset.swift */,
				D7A92DC82851F39A005637CE /* ContentViewHome.swift */,
				D7A92DFF2851F796005637CE /* ContentViewhelp.swift */,
				D7A92DB52851F335005637CE /* ContentView.swift */,
				D7A92DCA2851F3C1005637CE /* ControlView.swift */,
				D7A92DCC2851F3D7005637CE /* ContentViewtryon.swift */,
				D7A92DCE2851F3E4005637CE /* DeletionView.swift */,
				D7A92DD02851F3F1005637CE /* ModelDeletionManager.swift */,
				D7A92DD42851F40E005637CE /* PlacementSettings.swift */,
				D7A92DD62851F419005637CE /* Model.swift */,
				D7A92DD82851F426005637CE /* PlacementView.swift */,
				D7A92DDA2851F435005637CE /* TryOnARView.swift */,
				D7A92DDC2851F442005637CE /* BrowseView.swift */,
				D7A92DE02851F466005637CE /* VirtualClosetApp.swift */,
				D7A92DDE2851F456005637CE /* View+Extensions.swift */,
				D7A92DB72851F335005637CE /* Experience.rcproject */,
				D7A92DE22851F479005637CE /* clothes */,
				D7A92DB92851F337005637CE /* Assets.xcassets */,
				D7A92DBB2851F337005637CE /* Preview Content */,
			);
			path = VirtualCloset;
			sourceTree = "<group>";
		};
		D7A92DBB2851F337005637CE /* Preview Content */ = {
			isa = PBXGroup;
			children = (
				D7A92DBC2851F337005637CE /* Preview Assets.xcassets */,
			);
			path = "Preview Content";
			sourceTree = "<group>";
		};
		D7A92DE22851F479005637CE /* clothes */ = {
			isa = PBXGroup;
			children = (
				D7A92DEB2851F632005637CE /* 3Ddata.usdz */,
				D7A92DF02851F633005637CE /* Autumn_Pants.usdz */,
				D7A92DF12851F633005637CE /* Autumn_Shirt.usdz */,
				D7A92DF22851F633005637CE /* Kimono.usdz */,
				D7A92DEF2851F633005637CE /* Spring_Pants.usdz */,
				D7A92DF32851F633005637CE /* Spring_Shirt.usdz */,
				D7A92DE92851F632005637CE /* Summer_Pants.usdz */,
				D7A92DEC2851F632005637CE /* Summer_Shirt.usdz */,
				D7A92DED2851F633005637CE /* Untitled_Scan.usdz */,
				D7A92DEA2851F632005637CE /* Winter_Pants.usdz */,
				D7A92DEE2851F633005637CE /* Winter_Shirt.usdz */,
			);
			path = clothes;
			sourceTree = "<group>";
		};
/* End PBXGroup section */

/* Begin PBXNativeTarget section */
		D7A92DAF2851F335005637CE /* VirtualCloset */ = {
			isa = PBXNativeTarget;
			buildConfigurationList = D7A92DC02851F337005637CE /* Build configuration list for PBXNativeTarget "VirtualCloset" */;
			buildPhases = (
				D7A92DAC2851F335005637CE /* Sources */,
				D7A92DAD2851F335005637CE /* Frameworks */,
				D7A92DAE2851F335005637CE /* Resources */,
			);
			buildRules = (
			);
			dependencies = (
			);
			name = VirtualCloset;
			packageProductDependencies = (
				D7A92DC42851F352005637CE /* FocusEntity */,
			);
			productName = VirtualCloset;
			productReference = D7A92DB02851F335005637CE /* VirtualCloset.app */;
			productType = "com.apple.product-type.application";
		};
/* End PBXNativeTarget section */

/* Begin PBXProject section */
		D7A92DA82851F334005637CE /* Project object */ = {
			isa = PBXProject;
			attributes = {
				BuildIndependentTargetsInParallel = 1;
				LastSwiftUpdateCheck = 1340;
				LastUpgradeCheck = 1340;
				TargetAttributes = {
					D7A92DAF2851F335005637CE = {
						CreatedOnToolsVersion = 13.4.1;
					};
				};
			};
			buildConfigurationList = D7A92DAB2851F334005637CE /* Build configuration list for PBXProject "VirtualCloset" */;
			compatibilityVersion = "Xcode 13.0";
			developmentRegion = en;
			hasScannedForEncodings = 0;
			knownRegions = (
				en,
				Base,
			);
			mainGroup = D7A92DA72851F334005637CE;
			packageReferences = (
				D7A92DC32851F352005637CE /* XCRemoteSwiftPackageReference "FocusEntity" */,
			);
			productRefGroup = D7A92DB12851F335005637CE /* Products */;
			projectDirPath = "";
			projectRoot = "";
			targets = (
				D7A92DAF2851F335005637CE /* VirtualCloset */,
			);
		};
/* End PBXProject section */

/* Begin PBXResourcesBuildPhase section */
		D7A92DAE2851F335005637CE /* Resources */ = {
			isa = PBXResourcesBuildPhase;
			buildActionMask = 2147483647;
			files = (
				D7A92DFD2851F633005637CE /* Kimono.usdz in Resources */,
				D7A92DFC2851F633005637CE /* Autumn_Shirt.usdz in Resources */,
				D7A92DF82851F633005637CE /* Untitled_Scan.usdz in Resources */,
				D7A92DF42851F633005637CE /* Summer_Pants.usdz in Resources */,
				D7A92DF72851F633005637CE /* Summer_Shirt.usdz in Resources */,
				D7A92DFA2851F633005637CE /* Spring_Pants.usdz in Resources */,
				D7A92DBD2851F337005637CE /* Preview Assets.xcassets in Resources */,
				D7A92DF62851F633005637CE /* 3Ddata.usdz in Resources */,
				D7A92DFB2851F633005637CE /* Autumn_Pants.usdz in Resources */,
				D7A92DBA2851F337005637CE /* Assets.xcassets in Resources */,
				D7A92DF52851F633005637CE /* Winter_Pants.usdz in Resources */,
				D7A92DFE2851F633005637CE /* Spring_Shirt.usdz in Resources */,
				D7A92DF92851F633005637CE /* Winter_Shirt.usdz in Resources */,
			);
			runOnlyForDeploymentPostprocessing = 0;
		};
/* End PBXResourcesBuildPhase section */

/* Begin PBXSourcesBuildPhase section */
		D7A92DAC2851F335005637CE /* Sources */ = {
			isa = PBXSourcesBuildPhase;
			buildActionMask = 2147483647;
			files = (
				D7A92E002851F796005637CE /* ContentViewhelp.swift in Sources */,
				D7A92DB62851F335005637CE /* ContentView.swift in Sources */,
				D7A92DB42851F335005637CE /* AppDelegate.swift in Sources */,
				D7A92DDD2851F442005637CE /* BrowseView.swift in Sources */,
				D7A92DE12851F466005637CE /* VirtualClosetApp.swift in Sources */,
				D7A92DDB2851F435005637CE /* TryOnARView.swift in Sources */,
				D7A92DD92851F426005637CE /* PlacementView.swift in Sources */,
				D7A92DC72851F389005637CE /* ContentViewCloset.swift in Sources */,
				D7A92DB82851F335005637CE /* Experience.rcproject in Sources */,
				D7A92DD52851F40E005637CE /* PlacementSettings.swift in Sources */,
				D7A92DCF2851F3E4005637CE /* DeletionView.swift in Sources */,
				D7A92DCB2851F3C1005637CE /* ControlView.swift in Sources */,
				D7A92DCD2851F3D7005637CE /* ContentViewtryon.swift in Sources */,
				D7A92DD72851F419005637CE /* Model.swift in Sources */,
				D7A92DD12851F3F1005637CE /* ModelDeletionManager.swift in Sources */,
				D7A92DDF2851F456005637CE /* View+Extensions.swift in Sources */,
				D7A92DC92851F39A005637CE /* ContentViewHome.swift in Sources */,
			);
			runOnlyForDeploymentPostprocessing = 0;
		};
/* End PBXSourcesBuildPhase section */

/* Begin XCBuildConfiguration section */
		D7A92DBE2851F337005637CE /* Debug */ = {
			isa = XCBuildConfiguration;
			buildSettings = {
				ALWAYS_SEARCH_USER_PATHS = NO;
				CLANG_ANALYZER_NONNULL = YES;
				CLANG_ANALYZER_NUMBER_OBJECT_CONVERSION = YES_AGGRESSIVE;
				CLANG_CXX_LANGUAGE_STANDARD = "gnu++17";
				CLANG_ENABLE_MODULES = YES;
				CLANG_ENABLE_OBJC_ARC = YES;
				CLANG_ENABLE_OBJC_WEAK = YES;
				CLANG_WARN_BLOCK_CAPTURE_AUTORELEASING = YES;
				CLANG_WARN_BOOL_CONVERSION = YES;
				CLANG_WARN_COMMA = YES;
				CLANG_WARN_CONSTANT_CONVERSION = YES;
				CLANG_WARN_DEPRECATED_OBJC_IMPLEMENTATIONS = YES;
				CLANG_WARN_DIRECT_OBJC_ISA_USAGE = YES_ERROR;
				CLANG_WARN_DOCUMENTATION_COMMENTS = YES;
				CLANG_WARN_EMPTY_BODY = YES;
				CLANG_WARN_ENUM_CONVERSION = YES;
				CLANG_WARN_INFINITE_RECURSION = YES;
				CLANG_WARN_INT_CONVERSION = YES;
				CLANG_WARN_NON_LITERAL_NULL_CONVERSION = YES;
				CLANG_WARN_OBJC_IMPLICIT_RETAIN_SELF = YES;
				CLANG_WARN_OBJC_LITERAL_CONVERSION = YES;
				CLANG_WARN_OBJC_ROOT_CLASS = YES_ERROR;
				CLANG_WARN_QUOTED_INCLUDE_IN_FRAMEWORK_HEADER = YES;
				CLANG_WARN_RANGE_LOOP_ANALYSIS = YES;
				CLANG_WARN_STRICT_PROTOTYPES = YES;
				CLANG_WARN_SUSPICIOUS_MOVE = YES;
				CLANG_WARN_UNGUARDED_AVAILABILITY = YES_AGGRESSIVE;
				CLANG_WARN_UNREACHABLE_CODE = YES;
				CLANG_WARN__DUPLICATE_METHOD_MATCH = YES;
				COPY_PHASE_STRIP = NO;
				DEBUG_INFORMATION_FORMAT = dwarf;
				ENABLE_STRICT_OBJC_MSGSEND = YES;
				ENABLE_TESTABILITY = YES;
				GCC_C_LANGUAGE_STANDARD = gnu11;
				GCC_DYNAMIC_NO_PIC = NO;
				GCC_NO_COMMON_BLOCKS = YES;
				GCC_OPTIMIZATION_LEVEL = 0;
				GCC_PREPROCESSOR_DEFINITIONS = (
					"DEBUG=1",
					"$(inherited)",
				);
				GCC_WARN_64_TO_32_BIT_CONVERSION = YES;
				GCC_WARN_ABOUT_RETURN_TYPE = YES_ERROR;
				GCC_WARN_UNDECLARED_SELECTOR = YES;
				GCC_WARN_UNINITIALIZED_AUTOS = YES_AGGRESSIVE;
				GCC_WARN_UNUSED_FUNCTION = YES;
				GCC_WARN_UNUSED_VARIABLE = YES;
				IPHONEOS_DEPLOYMENT_TARGET = 15.5;
				MTL_ENABLE_DEBUG_INFO = INCLUDE_SOURCE;
				MTL_FAST_MATH = YES;
				ONLY_ACTIVE_ARCH = YES;
				SDKROOT = iphoneos;
				SWIFT_ACTIVE_COMPILATION_CONDITIONS = DEBUG;
				SWIFT_OPTIMIZATION_LEVEL = "-Onone";
			};
			name = Debug;
		};
		D7A92DBF2851F337005637CE /* Release */ = {
			isa = XCBuildConfiguration;
			buildSettings = {
				ALWAYS_SEARCH_USER_PATHS = NO;
				CLANG_ANALYZER_NONNULL = YES;
				CLANG_ANALYZER_NUMBER_OBJECT_CONVERSION = YES_AGGRESSIVE;
				CLANG_CXX_LANGUAGE_STANDARD = "gnu++17";
				CLANG_ENABLE_MODULES = YES;
				CLANG_ENABLE_OBJC_ARC = YES;
				CLANG_ENABLE_OBJC_WEAK = YES;
				CLANG_WARN_BLOCK_CAPTURE_AUTORELEASING = YES;
				CLANG_WARN_BOOL_CONVERSION = YES;
				CLANG_WARN_COMMA = YES;
				CLANG_WARN_CONSTANT_CONVERSION = YES;
				CLANG_WARN_DEPRECATED_OBJC_IMPLEMENTATIONS = YES;
				CLANG_WARN_DIRECT_OBJC_ISA_USAGE = YES_ERROR;
				CLANG_WARN_DOCUMENTATION_COMMENTS = YES;
				CLANG_WARN_EMPTY_BODY = YES;
				CLANG_WARN_ENUM_CONVERSION = YES;
				CLANG_WARN_INFINITE_RECURSION = YES;
				CLANG_WARN_INT_CONVERSION = YES;
				CLANG_WARN_NON_LITERAL_NULL_CONVERSION = YES;
				CLANG_WARN_OBJC_IMPLICIT_RETAIN_SELF = YES;
				CLANG_WARN_OBJC_LITERAL_CONVERSION = YES;
				CLANG_WARN_OBJC_ROOT_CLASS = YES_ERROR;
				CLANG_WARN_QUOTED_INCLUDE_IN_FRAMEWORK_HEADER = YES;
				CLANG_WARN_RANGE_LOOP_ANALYSIS = YES;
				CLANG_WARN_STRICT_PROTOTYPES = YES;
				CLANG_WARN_SUSPICIOUS_MOVE = YES;
				CLANG_WARN_UNGUARDED_AVAILABILITY = YES_AGGRESSIVE;
				CLANG_WARN_UNREACHABLE_CODE = YES;
				CLANG_WARN__DUPLICATE_METHOD_MATCH = YES;
				COPY_PHASE_STRIP = NO;
				DEBUG_INFORMATION_FORMAT = "dwarf-with-dsym";
				ENABLE_NS_ASSERTIONS = NO;
				ENABLE_STRICT_OBJC_MSGSEND = YES;
				GCC_C_LANGUAGE_STANDARD = gnu11;
				GCC_NO_COMMON_BLOCKS = YES;
				GCC_WARN_64_TO_32_BIT_CONVERSION = YES;
				GCC_WARN_ABOUT_RETURN_TYPE = YES_ERROR;
				GCC_WARN_UNDECLARED_SELECTOR = YES;
				GCC_WARN_UNINITIALIZED_AUTOS = YES_AGGRESSIVE;
				GCC_WARN_UNUSED_FUNCTION = YES;
				GCC_WARN_UNUSED_VARIABLE = YES;
				IPHONEOS_DEPLOYMENT_TARGET = 15.5;
				MTL_ENABLE_DEBUG_INFO = NO;
				MTL_FAST_MATH = YES;
				SDKROOT = iphoneos;
				SWIFT_COMPILATION_MODE = wholemodule;
				SWIFT_OPTIMIZATION_LEVEL = "-O";
				VALIDATE_PRODUCT = YES;
			};
			name = Release;
		};
		D7A92DC12851F337005637CE /* Debug */ = {
			isa = XCBuildConfiguration;
			buildSettings = {
				ASSETCATALOG_COMPILER_APPICON_NAME = AppIcon;
				ASSETCATALOG_COMPILER_GLOBAL_ACCENT_COLOR_NAME = AccentColor;
				CODE_SIGN_STYLE = Automatic;
				CURRENT_PROJECT_VERSION = 1;
				DEVELOPMENT_ASSET_PATHS = "\"VirtualCloset/Preview Content\"";
				DEVELOPMENT_TEAM = 4NWZ5GV968;
				ENABLE_PREVIEWS = YES;
				GENERATE_INFOPLIST_FILE = YES;
				INFOPLIST_KEY_NSCameraUsageDescription = "";
				INFOPLIST_KEY_UIApplicationSupportsIndirectInputEvents = YES;
				INFOPLIST_KEY_UILaunchScreen_Generation = YES;
				INFOPLIST_KEY_UIRequiredDeviceCapabilities = arkit;
				INFOPLIST_KEY_UIStatusBarHidden = YES;
				INFOPLIST_KEY_UISupportedInterfaceOrientations_iPad = "UIInterfaceOrientationPortrait UIInterfaceOrientationPortraitUpsideDown UIInterfaceOrientationLandscapeLeft UIInterfaceOrientationLandscapeRight";
				INFOPLIST_KEY_UISupportedInterfaceOrientations_iPhone = "UIInterfaceOrientationPortrait UIInterfaceOrientationLandscapeLeft UIInterfaceOrientationLandscapeRight";
				LD_RUNPATH_SEARCH_PATHS = (
					"$(inherited)",
					"@executable_path/Frameworks",
				);
				MARKETING_VERSION = 1.0;
				PRODUCT_BUNDLE_IDENTIFIER = com.silver.VirtualCloset;
				PRODUCT_NAME = "$(TARGET_NAME)";
				SWIFT_EMIT_LOC_STRINGS = YES;
				SWIFT_VERSION = 5.0;
				TARGETED_DEVICE_FAMILY = "1,2";
			};
			name = Debug;
		};
		D7A92DC22851F337005637CE /* Release */ = {
			isa = XCBuildConfiguration;
			buildSettings = {
				ASSETCATALOG_COMPILER_APPICON_NAME = AppIcon;
				ASSETCATALOG_COMPILER_GLOBAL_ACCENT_COLOR_NAME = AccentColor;
				CODE_SIGN_STYLE = Automatic;
				CURRENT_PROJECT_VERSION = 1;
				DEVELOPMENT_ASSET_PATHS = "\"VirtualCloset/Preview Content\"";
				DEVELOPMENT_TEAM = 4NWZ5GV968;
				ENABLE_PREVIEWS = YES;
				GENERATE_INFOPLIST_FILE = YES;
				INFOPLIST_KEY_NSCameraUsageDescription = "";
				INFOPLIST_KEY_UIApplicationSupportsIndirectInputEvents = YES;
				INFOPLIST_KEY_UILaunchScreen_Generation = YES;
				INFOPLIST_KEY_UIRequiredDeviceCapabilities = arkit;
				INFOPLIST_KEY_UIStatusBarHidden = YES;
				INFOPLIST_KEY_UISupportedInterfaceOrientations_iPad = "UIInterfaceOrientationPortrait UIInterfaceOrientationPortraitUpsideDown UIInterfaceOrientationLandscapeLeft UIInterfaceOrientationLandscapeRight";
				INFOPLIST_KEY_UISupportedInterfaceOrientations_iPhone = "UIInterfaceOrientationPortrait UIInterfaceOrientationLandscapeLeft UIInterfaceOrientationLandscapeRight";
				LD_RUNPATH_SEARCH_PATHS = (
					"$(inherited)",
					"@executable_path/Frameworks",
				);
				MARKETING_VERSION = 1.0;
				PRODUCT_BUNDLE_IDENTIFIER = com.silver.VirtualCloset;
				PRODUCT_NAME = "$(TARGET_NAME)";
				SWIFT_EMIT_LOC_STRINGS = YES;
				SWIFT_VERSION = 5.0;
				TARGETED_DEVICE_FAMILY = "1,2";
			};
			name = Release;
		};
/* End XCBuildConfiguration section */

/* Begin XCConfigurationList section */
		D7A92DAB2851F334005637CE /* Build configuration list for PBXProject "VirtualCloset" */ = {
			isa = XCConfigurationList;
			buildConfigurations = (
				D7A92DBE2851F337005637CE /* Debug */,
				D7A92DBF2851F337005637CE /* Release */,
			);
			defaultConfigurationIsVisible = 0;
			defaultConfigurationName = Release;
		};
		D7A92DC02851F337005637CE /* Build configuration list for PBXNativeTarget "VirtualCloset" */ = {
			isa = XCConfigurationList;
			buildConfigurations = (
				D7A92DC12851F337005637CE /* Debug */,
				D7A92DC22851F337005637CE /* Release */,
			);
			defaultConfigurationIsVisible = 0;
			defaultConfigurationName = Release;
		};
/* End XCConfigurationList section */

/* Begin XCRemoteSwiftPackageReference section */
		D7A92DC32851F352005637CE /* XCRemoteSwiftPackageReference "FocusEntity" */ = {
			isa = XCRemoteSwiftPackageReference;
			repositoryURL = "https://github.com/maxxfrazer/FocusEntity";
			requirement = {
				branch = main;
				kind = branch;
			};
		};
/* End XCRemoteSwiftPackageReference section */

/* Begin XCSwiftPackageProductDependency section */
		D7A92DC42851F352005637CE /* FocusEntity */ = {
			isa = XCSwiftPackageProductDependency;
			package = D7A92DC32851F352005637CE /* XCRemoteSwiftPackageReference "FocusEntity" */;
			productName = FocusEntity;
		};
/* End XCSwiftPackageProductDependency section */
	};
	rootObject = D7A92DA82851F334005637CE /* Project object */;
}
